
Microsoft Visual Studio Solution File, Format Version 12.00
# Visual Studio 15
VisualStudioVersion = 15.0.27004.2006
MinimumVisualStudioVersion = 10.0.40219.1
Project("{FAE04EC0-301F-11D3-BF4B-00C04F79EFBC}") = "ReOpen", "ReOpen\ReOpen.csproj", "{8AE1D107-6D37-4EAE-8524-9007383F63EC}"
EndProject
Global
	GlobalSection(SolutionConfigurationPlatforms) = preSolution
		Debug|Any CPU = Debug|Any CPU
		Release|Any CPU = Release|Any CPU
	EndGlobalSection
	GlobalSection(ProjectConfigurationPlatforms) = postSolution
		{8AE1D107-6D37-4EAE-8524-9007383F63EC}.Debug|Any CPU.ActiveCfg = Debug|Any CPU
		{8AE1D107-6D37-4EAE-8524-9007383F63EC}.Debug|Any CPU.Build.0 = Debug|Any CPU
		{8AE1D107-6D37-4EAE-8524-9007383F63EC}.Release|Any CPU.ActiveCfg = Release|Any CPU
		{8AE1D107-6D37-4EAE-8524-9007383F63EC}.Release|Any CPU.Build.0 = Release|Any CPU
	EndGlobalSection
	GlobalSection(SolutionProperties) = preSolution
		HideSolutionNode = FALSE
	EndGlobalSection
	GlobalSection(ExtensibilityGlobals) = postSolution
		SolutionGuid = {9FC901A4-B162-4C8C-AB5F-F1ADC4977D0B}
	EndGlobalSection
EndGlobal
